
Microsoft Visual Studio Solution File, Format Version 12.00
# Visual Studio Version 16
VisualStudioVersion = 16.0.809.7
MinimumVisualStudioVersion = 10.0.40219.1
Project("{FAE04EC0-301F-11D3-BF4B-00C04F79EFBC}") = "token_grabber", "token_grabber\token_grabber.csproj", "{18654FED-085A-4840-84E5-56B4442CC487}"
EndProject
Global
	GlobalSection(SolutionConfigurationPlatforms) = preSolution
		Debug|anycpu = Debug|anycpu
		Release|anycpu = Release|anycpu
	EndGlobalSection
	GlobalSection(ProjectConfigurationPlatforms) = postSolution
		{18654FED-085A-4840-84E5-56B4442CC487}.Debug|anycpu.ActiveCfg = Debug|anycpu
		{18654FED-085A-4840-84E5-56B4442CC487}.Debug|anycpu.Build.0 = Debug|anycpu
		{18654FED-085A-4840-84E5-56B4442CC487}.Release|anycpu.ActiveCfg = Release|anycpu
		{18654FED-085A-4840-84E5-56B4442CC487}.Release|anycpu.Build.0 = Release|anycpu
	EndGlobalSection
	GlobalSection(SolutionProperties) = preSolution
		HideSolutionNode = FALSE
	EndGlobalSection
	GlobalSection(ExtensibilityGlobals) = postSolution
		SolutionGuid = {6D55B1D0-1ABE-47B3-9168-E975BB0AD6E2}
	EndGlobalSection
EndGlobal
